// !$*UTF8*$!
{
	archiveVersion = 1;
	classes = {
	};
	objectVersion = 46;
	objects = {

/* Begin PBXBuildFile section */
		500DC3651A57CD53009B20E9 /* ZSTripViewController.m in Sources */ = {isa = PBXBuildFile; fileRef = 500DC3631A57CD53009B20E9 /* ZSTripViewController.m */; };
		50486B861A5516C500980951 /* ZSPayButton.m in Sources */ = {isa = PBXBuildFile; fileRef = 50486B851A5516C500980951 /* ZSPayButton.m */; };
		5098BFE31A5A2464003E4059 /* ZSTripView.xib in Resources */ = {isa = PBXBuildFile; fileRef = 5098BFE21A5A2464003E4059 /* ZSTripView.xib */; };
		5098BFE61A5A26A3003E4059 /* ZSTripView.m in Sources */ = {isa = PBXBuildFile; fileRef = 5098BFE51A5A26A3003E4059 /* ZSTripView.m */; };
		50B879841A428B1B00BCEBAD /* main.m in Sources */ = {isa = PBXBuildFile; fileRef = 50B879831A428B1B00BCEBAD /* main.m */; };
		50B879871A428B1B00BCEBAD /* AppDelegate.m in Sources */ = {isa = PBXBuildFile; fileRef = 50B879861A428B1B00BCEBAD /* AppDelegate.m */; };
		50B8798A1A428B1B00BCEBAD /* ViewController.m in Sources */ = {isa = PBXBuildFile; fileRef = 50B879891A428B1B00BCEBAD /* ViewController.m */; };
		50B8798D1A428B1B00BCEBAD /* Main.storyboard in Resources */ = {isa = PBXBuildFile; fileRef = 50B8798B1A428B1B00BCEBAD /* Main.storyboard */; };
		50B8798F1A428B1B00BCEBAD /* Images.xcassets in Resources */ = {isa = PBXBuildFile; fileRef = 50B8798E1A428B1B00BCEBAD /* Images.xcassets */; };
		50B879921A428B1B00BCEBAD /* LaunchScreen.xib in Resources */ = {isa = PBXBuildFile; fileRef = 50B879901A428B1B00BCEBAD /* LaunchScreen.xib */; };
		50B8799E1A428B1B00BCEBAD /* KLE_GreenCabTests.m in Sources */ = {isa = PBXBuildFile; fileRef = 50B8799D1A428B1B00BCEBAD /* KLE_GreenCabTests.m */; };
		50B879AA1A42907D00BCEBAD /* ZSRideViewController.m in Sources */ = {isa = PBXBuildFile; fileRef = 50B879A81A42907D00BCEBAD /* ZSRideViewController.m */; };
		50B879AB1A42907D00BCEBAD /* ZSRideViewController.xib in Resources */ = {isa = PBXBuildFile; fileRef = 50B879A91A42907D00BCEBAD /* ZSRideViewController.xib */; };
		50B879AE1A42914300BCEBAD /* ZSMapAnnotation.m in Sources */ = {isa = PBXBuildFile; fileRef = 50B879AD1A42914300BCEBAD /* ZSMapAnnotation.m */; };
		50B879B21A4294AE00BCEBAD /* ZSBillOfRightsViewController.m in Sources */ = {isa = PBXBuildFile; fileRef = 50B879B01A4294AE00BCEBAD /* ZSBillOfRightsViewController.m */; };
		50B879B61A43CEFF00BCEBAD /* ZSBillOfRightsView.m in Sources */ = {isa = PBXBuildFile; fileRef = 50B879B51A43CEFF00BCEBAD /* ZSBillOfRightsView.m */; };
		50B879B81A43E3B500BCEBAD /* ZSBillOfRightsView.xib in Resources */ = {isa = PBXBuildFile; fileRef = 50B879B71A43E3B500BCEBAD /* ZSBillOfRightsView.xib */; };
		50B879C11A46D8E500BCEBAD /* taxi&limo.png in Resources */ = {isa = PBXBuildFile; fileRef = 50B879BC1A46D8E500BCEBAD /* taxi&limo.png */; };
		50B879C21A46D8E500BCEBAD /* logo_white-full.png in Resources */ = {isa = PBXBuildFile; fileRef = 50B879BD1A46D8E500BCEBAD /* logo_white-full.png */; };
		50B879C31A46D8E500BCEBAD /* logo_white.png in Resources */ = {isa = PBXBuildFile; fileRef = 50B879BE1A46D8E500BCEBAD /* logo_white.png */; };
		50B879C41A46D8E500BCEBAD /* noSmoking.png in Resources */ = {isa = PBXBuildFile; fileRef = 50B879BF1A46D8E500BCEBAD /* noSmoking.png */; };
		50B879C51A46D8E500BCEBAD /* seatbelt.png in Resources */ = {isa = PBXBuildFile; fileRef = 50B879C01A46D8E500BCEBAD /* seatbelt.png */; };
		50B879C81A46D8F200BCEBAD /* license_1.png in Resources */ = {isa = PBXBuildFile; fileRef = 50B879C61A46D8F200BCEBAD /* license_1.png */; };
		50B879C91A46D8F200BCEBAD /* license_2.png in Resources */ = {isa = PBXBuildFile; fileRef = 50B879C71A46D8F200BCEBAD /* license_2.png */; };
		50B879CC1A479D7100BCEBAD /* ZSExploreButton.m in Sources */ = {isa = PBXBuildFile; fileRef = 50B879CB1A479D7100BCEBAD /* ZSExploreButton.m */; };
		50B879CF1A47BB8E00BCEBAD /* Screen Shot 2014-12-21 at 9.37.43 PM.png in Resources */ = {isa = PBXBuildFile; fileRef = 50B879CD1A47BB8E00BCEBAD /* Screen Shot 2014-12-21 at 9.37.43 PM.png */; };
		50B879D01A47BB8E00BCEBAD /* Screen Shot 2014-12-21 at 9.37.18 PM.png in Resources */ = {isa = PBXBuildFile; fileRef = 50B879CE1A47BB8E00BCEBAD /* Screen Shot 2014-12-21 at 9.37.18 PM.png */; };
		50B879D31A48F43100BCEBAD /* ZSPaymentViewController.m in Sources */ = {isa = PBXBuildFile; fileRef = 50B879D21A48F43100BCEBAD /* ZSPaymentViewController.m */; };
		50B879D61A490DFE00BCEBAD /* ZSPaymentView.m in Sources */ = {isa = PBXBuildFile; fileRef = 50B879D51A490DFE00BCEBAD /* ZSPaymentView.m */; };
		50B879D81A490E6800BCEBAD /* ZSPaymentView.xib in Resources */ = {isa = PBXBuildFile; fileRef = 50B879D71A490E6800BCEBAD /* ZSPaymentView.xib */; };
		50B879E21A4920A200BCEBAD /* MCPanelViewController.m in Sources */ = {isa = PBXBuildFile; fileRef = 50B879DB1A4920A200BCEBAD /* MCPanelViewController.m */; };
		50B879E31A4920A200BCEBAD /* MCPanGestureRecognizer.m in Sources */ = {isa = PBXBuildFile; fileRef = 50B879DD1A4920A200BCEBAD /* MCPanGestureRecognizer.m */; };
		50B879E41A4920A200BCEBAD /* UIImage+ImageEffects.m in Sources */ = {isa = PBXBuildFile; fileRef = 50B879DF1A4920A200BCEBAD /* UIImage+ImageEffects.m */; };
		50B879E51A4920A200BCEBAD /* UIView+MCAdditions.m in Sources */ = {isa = PBXBuildFile; fileRef = 50B879E11A4920A200BCEBAD /* UIView+MCAdditions.m */; };
		50B879EE1A4A3C6300BCEBAD /* ZSStarRatingView.m in Sources */ = {isa = PBXBuildFile; fileRef = 50B879ED1A4A3C6300BCEBAD /* ZSStarRatingView.m */; };
		50B879F31A4A4C9D00BCEBAD /* ZSStarRatingControl.m in Sources */ = {isa = PBXBuildFile; fileRef = 50B879F21A4A4C9D00BCEBAD /* ZSStarRatingControl.m */; };
		50B87A021A4A535500BCEBAD /* DLStarRatingControl.m in Sources */ = {isa = PBXBuildFile; fileRef = 50B879F61A4A535500BCEBAD /* DLStarRatingControl.m */; };
		50B87A031A4A535500BCEBAD /* DLStarView.m in Sources */ = {isa = PBXBuildFile; fileRef = 50B879F81A4A535500BCEBAD /* DLStarView.m */; };
		50B87A041A4A535500BCEBAD /* star.png in Resources */ = {isa = PBXBuildFile; fileRef = 50B879FA1A4A535500BCEBAD /* star.png */; };
		50B87A061A4A535500BCEBAD /* star_highlighted-darker.png in Resources */ = {isa = PBXBuildFile; fileRef = 50B879FC1A4A535500BCEBAD /* star_highlighted-darker.png */; };
		50B87A071A4A535500BCEBAD /* star_highlighted-darker@2x.png in Resources */ = {isa = PBXBuildFile; fileRef = 50B879FD1A4A535500BCEBAD /* star_highlighted-darker@2x.png */; };
		50B87A081A4A535500BCEBAD /* star_highlighted.png in Resources */ = {isa = PBXBuildFile; fileRef = 50B879FE1A4A535500BCEBAD /* star_highlighted.png */; };
		50B87A0A1A4A535500BCEBAD /* UIView+Subviews.m in Sources */ = {isa = PBXBuildFile; fileRef = 50B87A011A4A535500BCEBAD /* UIView+Subviews.m */; };
		50B87A0C1A4B7E4D00BCEBAD /* ZSStarRatingView.xib in Resources */ = {isa = PBXBuildFile; fileRef = 50B87A0B1A4B7E4D00BCEBAD /* ZSStarRatingView.xib */; };
		50B87A0F1A4B8ED300BCEBAD /* ZSTipsControl.m in Sources */ = {isa = PBXBuildFile; fileRef = 50B87A0E1A4B8ED300BCEBAD /* ZSTipsControl.m */; };
		50B87A121A4B8F1500BCEBAD /* ZSTipButton.m in Sources */ = {isa = PBXBuildFile; fileRef = 50B87A111A4B8F1500BCEBAD /* ZSTipButton.m */; };
		50B87A171A4BB0BD00BCEBAD /* star_highlighted@2x.png in Resources */ = {isa = PBXBuildFile; fileRef = 50B87A151A4BB0BD00BCEBAD /* star_highlighted@2x.png */; };
		50B87A181A4BB0BD00BCEBAD /* star@2x.png in Resources */ = {isa = PBXBuildFile; fileRef = 50B87A161A4BB0BD00BCEBAD /* star@2x.png */; };
/* End PBXBuildFile section */

/* Begin PBXContainerItemProxy section */
		50B879981A428B1B00BCEBAD /* PBXContainerItemProxy */ = {
			isa = PBXContainerItemProxy;
			containerPortal = 50B879761A428B1A00BCEBAD /* Project object */;
			proxyType = 1;
			remoteGlobalIDString = 50B8797D1A428B1B00BCEBAD;
			remoteInfo = "KLE-GreenCab";
		};
/* End PBXContainerItemProxy section */

/* Begin PBXFileReference section */
		500DC3621A57CD53009B20E9 /* ZSTripViewController.h */ = {isa = PBXFileReference; fileEncoding = 4; lastKnownFileType = sourcecode.c.h; path = ZSTripViewController.h; sourceTree = "<group>"; };
		500DC3631A57CD53009B20E9 /* ZSTripViewController.m */ = {isa = PBXFileReference; fileEncoding = 4; lastKnownFileType = sourcecode.c.objc; path = ZSTripViewController.m; sourceTree = "<group>"; };
		500DC3671A5A1DA6009B20E9 /* Utility.h */ = {isa = PBXFileReference; fileEncoding = 4; lastKnownFileType = sourcecode.c.h; path = Utility.h; sourceTree = "<group>"; };
		50486B841A5516C500980951 /* ZSPayButton.h */ = {isa = PBXFileReference; fileEncoding = 4; lastKnownFileType = sourcecode.c.h; path = ZSPayButton.h; sourceTree = "<group>"; };
		50486B851A5516C500980951 /* ZSPayButton.m */ = {isa = PBXFileReference; fileEncoding = 4; lastKnownFileType = sourcecode.c.objc; path = ZSPayButton.m; sourceTree = "<group>"; };
		5098BFE21A5A2464003E4059 /* ZSTripView.xib */ = {isa = PBXFileReference; fileEncoding = 4; lastKnownFileType = file.xib; path = ZSTripView.xib; sourceTree = "<group>"; };
		5098BFE41A5A26A3003E4059 /* ZSTripView.h */ = {isa = PBXFileReference; fileEncoding = 4; lastKnownFileType = sourcecode.c.h; path = ZSTripView.h; sourceTree = "<group>"; };
		5098BFE51A5A26A3003E4059 /* ZSTripView.m */ = {isa = PBXFileReference; fileEncoding = 4; lastKnownFileType = sourcecode.c.objc; path = ZSTripView.m; sourceTree = "<group>"; };
		50B8797E1A428B1B00BCEBAD /* KLE-GreenCab.app */ = {isa = PBXFileReference; explicitFileType = wrapper.application; includeInIndex = 0; path = "KLE-GreenCab.app"; sourceTree = BUILT_PRODUCTS_DIR; };
		50B879821A428B1B00BCEBAD /* Info.plist */ = {isa = PBXFileReference; lastKnownFileType = text.plist.xml; path = Info.plist; sourceTree = "<group>"; };
		50B879831A428B1B00BCEBAD /* main.m */ = {isa = PBXFileReference; lastKnownFileType = sourcecode.c.objc; path = main.m; sourceTree = "<group>"; };
		50B879851A428B1B00BCEBAD /* AppDelegate.h */ = {isa = PBXFileReference; lastKnownFileType = sourcecode.c.h; path = AppDelegate.h; sourceTree = "<group>"; };
		50B879861A428B1B00BCEBAD /* AppDelegate.m */ = {isa = PBXFileReference; lastKnownFileType = sourcecode.c.objc; path = AppDelegate.m; sourceTree = "<group>"; };
		50B879881A428B1B00BCEBAD /* ViewController.h */ = {isa = PBXFileReference; lastKnownFileType = sourcecode.c.h; path = ViewController.h; sourceTree = "<group>"; };
		50B879891A428B1B00BCEBAD /* ViewController.m */ = {isa = PBXFileReference; lastKnownFileType = sourcecode.c.objc; path = ViewController.m; sourceTree = "<group>"; };
		50B8798C1A428B1B00BCEBAD /* Base */ = {isa = PBXFileReference; lastKnownFileType = file.storyboard; name = Base; path = Base.lproj/Main.storyboard; sourceTree = "<group>"; };
		50B8798E1A428B1B00BCEBAD /* Images.xcassets */ = {isa = PBXFileReference; lastKnownFileType = folder.assetcatalog; path = Images.xcassets; sourceTree = "<group>"; };
		50B879911A428B1B00BCEBAD /* Base */ = {isa = PBXFileReference; lastKnownFileType = file.xib; name = Base; path = Base.lproj/LaunchScreen.xib; sourceTree = "<group>"; };
		50B879971A428B1B00BCEBAD /* KLE-GreenCabTests.xctest */ = {isa = PBXFileReference; explicitFileType = wrapper.cfbundle; includeInIndex = 0; path = "KLE-GreenCabTests.xctest"; sourceTree = BUILT_PRODUCTS_DIR; };
		50B8799C1A428B1B00BCEBAD /* Info.plist */ = {isa = PBXFileReference; lastKnownFileType = text.plist.xml; path = Info.plist; sourceTree = "<group>"; };
		50B8799D1A428B1B00BCEBAD /* KLE_GreenCabTests.m */ = {isa = PBXFileReference; lastKnownFileType = sourcecode.c.objc; path = KLE_GreenCabTests.m; sourceTree = "<group>"; };
		50B879A71A42907D00BCEBAD /* ZSRideViewController.h */ = {isa = PBXFileReference; fileEncoding = 4; lastKnownFileType = sourcecode.c.h; path = ZSRideViewController.h; sourceTree = "<group>"; };
		50B879A81A42907D00BCEBAD /* ZSRideViewController.m */ = {isa = PBXFileReference; fileEncoding = 4; lastKnownFileType = sourcecode.c.objc; path = ZSRideViewController.m; sourceTree = "<group>"; };
		50B879A91A42907D00BCEBAD /* ZSRideViewController.xib */ = {isa = PBXFileReference; fileEncoding = 4; lastKnownFileType = file.xib; path = ZSRideViewController.xib; sourceTree = "<group>"; };
		50B879AC1A42914300BCEBAD /* ZSMapAnnotation.h */ = {isa = PBXFileReference; fileEncoding = 4; lastKnownFileType = sourcecode.c.h; path = ZSMapAnnotation.h; sourceTree = "<group>"; };
		50B879AD1A42914300BCEBAD /* ZSMapAnnotation.m */ = {isa = PBXFileReference; fileEncoding = 4; lastKnownFileType = sourcecode.c.objc; path = ZSMapAnnotation.m; sourceTree = "<group>"; };
		50B879AF1A4294AE00BCEBAD /* ZSBillOfRightsViewController.h */ = {isa = PBXFileReference; fileEncoding = 4; lastKnownFileType = sourcecode.c.h; path = ZSBillOfRightsViewController.h; sourceTree = "<group>"; };
		50B879B01A4294AE00BCEBAD /* ZSBillOfRightsViewController.m */ = {isa = PBXFileReference; fileEncoding = 4; lastKnownFileType = sourcecode.c.objc; path = ZSBillOfRightsViewController.m; sourceTree = "<group>"; };
		50B879B41A43CEFF00BCEBAD /* ZSBillOfRightsView.h */ = {isa = PBXFileReference; fileEncoding = 4; lastKnownFileType = sourcecode.c.h; path = ZSBillOfRightsView.h; sourceTree = "<group>"; };
		50B879B51A43CEFF00BCEBAD /* ZSBillOfRightsView.m */ = {isa = PBXFileReference; fileEncoding = 4; lastKnownFileType = sourcecode.c.objc; path = ZSBillOfRightsView.m; sourceTree = "<group>"; };
		50B879B71A43E3B500BCEBAD /* ZSBillOfRightsView.xib */ = {isa = PBXFileReference; fileEncoding = 4; lastKnownFileType = file.xib; path = ZSBillOfRightsView.xib; sourceTree = "<group>"; };
		50B879BC1A46D8E500BCEBAD /* taxi&limo.png */ = {isa = PBXFileReference; lastKnownFileType = image.png; path = "taxi&limo.png"; sourceTree = "<group>"; };
		50B879BD1A46D8E500BCEBAD /* logo_white-full.png */ = {isa = PBXFileReference; lastKnownFileType = image.png; path = "logo_white-full.png"; sourceTree = "<group>"; };
		50B879BE1A46D8E500BCEBAD /* logo_white.png */ = {isa = PBXFileReference; lastKnownFileType = image.png; path = logo_white.png; sourceTree = "<group>"; };
		50B879BF1A46D8E500BCEBAD /* noSmoking.png */ = {isa = PBXFileReference; lastKnownFileType = image.png; path = noSmoking.png; sourceTree = "<group>"; };
		50B879C01A46D8E500BCEBAD /* seatbelt.png */ = {isa = PBXFileReference; lastKnownFileType = image.png; path = seatbelt.png; sourceTree = "<group>"; };
		50B879C61A46D8F200BCEBAD /* license_1.png */ = {isa = PBXFileReference; lastKnownFileType = image.png; path = license_1.png; sourceTree = "<group>"; };
		50B879C71A46D8F200BCEBAD /* license_2.png */ = {isa = PBXFileReference; lastKnownFileType = image.png; path = license_2.png; sourceTree = "<group>"; };
		50B879CA1A479D7100BCEBAD /* ZSExploreButton.h */ = {isa = PBXFileReference; fileEncoding = 4; lastKnownFileType = sourcecode.c.h; path = ZSExploreButton.h; sourceTree = "<group>"; };
		50B879CB1A479D7100BCEBAD /* ZSExploreButton.m */ = {isa = PBXFileReference; fileEncoding = 4; lastKnownFileType = sourcecode.c.objc; path = ZSExploreButton.m; sourceTree = "<group>"; };
		50B879CD1A47BB8E00BCEBAD /* Screen Shot 2014-12-21 at 9.37.43 PM.png */ = {isa = PBXFileReference; lastKnownFileType = image.png; path = "Screen Shot 2014-12-21 at 9.37.43 PM.png"; sourceTree = "<group>"; };
		50B879CE1A47BB8E00BCEBAD /* Screen Shot 2014-12-21 at 9.37.18 PM.png */ = {isa = PBXFileReference; lastKnownFileType = image.png; path = "Screen Shot 2014-12-21 at 9.37.18 PM.png"; sourceTree = "<group>"; };
		50B879D11A48F43100BCEBAD /* ZSPaymentViewController.h */ = {isa = PBXFileReference; fileEncoding = 4; lastKnownFileType = sourcecode.c.h; path = ZSPaymentViewController.h; sourceTree = "<group>"; };
		50B879D21A48F43100BCEBAD /* ZSPaymentViewController.m */ = {isa = PBXFileReference; fileEncoding = 4; lastKnownFileType = sourcecode.c.objc; path = ZSPaymentViewController.m; sourceTree = "<group>"; };
		50B879D41A490DFE00BCEBAD /* ZSPaymentView.h */ = {isa = PBXFileReference; fileEncoding = 4; lastKnownFileType = sourcecode.c.h; path = ZSPaymentView.h; sourceTree = "<group>"; };
		50B879D51A490DFE00BCEBAD /* ZSPaymentView.m */ = {isa = PBXFileReference; fileEncoding = 4; lastKnownFileType = sourcecode.c.objc; path = ZSPaymentView.m; sourceTree = "<group>"; };
		50B879D71A490E6800BCEBAD /* ZSPaymentView.xib */ = {isa = PBXFileReference; fileEncoding = 4; lastKnownFileType = file.xib; path = ZSPaymentView.xib; sourceTree = "<group>"; };
		50B879DA1A4920A200BCEBAD /* MCPanelViewController.h */ = {isa = PBXFileReference; fileEncoding = 4; lastKnownFileType = sourcecode.c.h; path = MCPanelViewController.h; sourceTree = "<group>"; };
		50B879DB1A4920A200BCEBAD /* MCPanelViewController.m */ = {isa = PBXFileReference; fileEncoding = 4; lastKnownFileType = sourcecode.c.objc; path = MCPanelViewController.m; sourceTree = "<group>"; };
		50B879DC1A4920A200BCEBAD /* MCPanGestureRecognizer.h */ = {isa = PBXFileReference; fileEncoding = 4; lastKnownFileType = sourcecode.c.h; path = MCPanGestureRecognizer.h; sourceTree = "<group>"; };
		50B879DD1A4920A200BCEBAD /* MCPanGestureRecognizer.m */ = {isa = PBXFileReference; fileEncoding = 4; lastKnownFileType = sourcecode.c.objc; path = MCPanGestureRecognizer.m; sourceTree = "<group>"; };
		50B879DE1A4920A200BCEBAD /* UIImage+ImageEffects.h */ = {isa = PBXFileReference; fileEncoding = 4; lastKnownFileType = sourcecode.c.h; path = "UIImage+ImageEffects.h"; sourceTree = "<group>"; };
		50B879DF1A4920A200BCEBAD /* UIImage+ImageEffects.m */ = {isa = PBXFileReference; fileEncoding = 4; lastKnownFileType = sourcecode.c.objc; path = "UIImage+ImageEffects.m"; sourceTree = "<group>"; };
		50B879E01A4920A200BCEBAD /* UIView+MCAdditions.h */ = {isa = PBXFileReference; fileEncoding = 4; lastKnownFileType = sourcecode.c.h; path = "UIView+MCAdditions.h"; sourceTree = "<group>"; };
		50B879E11A4920A200BCEBAD /* UIView+MCAdditions.m */ = {isa = PBXFileReference; fileEncoding = 4; lastKnownFileType = sourcecode.c.objc; path = "UIView+MCAdditions.m"; sourceTree = "<group>"; };
		50B879EC1A4A3C6300BCEBAD /* ZSStarRatingView.h */ = {isa = PBXFileReference; fileEncoding = 4; lastKnownFileType = sourcecode.c.h; path = ZSStarRatingView.h; sourceTree = "<group>"; };
		50B879ED1A4A3C6300BCEBAD /* ZSStarRatingView.m */ = {isa = PBXFileReference; fileEncoding = 4; lastKnownFileType = sourcecode.c.objc; path = ZSStarRatingView.m; sourceTree = "<group>"; };
		50B879F11A4A4C9D00BCEBAD /* ZSStarRatingControl.h */ = {isa = PBXFileReference; fileEncoding = 4; lastKnownFileType = sourcecode.c.h; path = ZSStarRatingControl.h; sourceTree = "<group>"; };
		50B879F21A4A4C9D00BCEBAD /* ZSStarRatingControl.m */ = {isa = PBXFileReference; fileEncoding = 4; lastKnownFileType = sourcecode.c.objc; path = ZSStarRatingControl.m; sourceTree = "<group>"; };
		50B879F51A4A535500BCEBAD /* DLStarRatingControl.h */ = {isa = PBXFileReference; fileEncoding = 4; lastKnownFileType = sourcecode.c.h; path = DLStarRatingControl.h; sourceTree = "<group>"; };
		50B879F61A4A535500BCEBAD /* DLStarRatingControl.m */ = {isa = PBXFileReference; fileEncoding = 4; lastKnownFileType = sourcecode.c.objc; path = DLStarRatingControl.m; sourceTree = "<group>"; };
		50B879F71A4A535500BCEBAD /* DLStarView.h */ = {isa = PBXFileReference; fileEncoding = 4; lastKnownFileType = sourcecode.c.h; path = DLStarView.h; sourceTree = "<group>"; };
		50B879F81A4A535500BCEBAD /* DLStarView.m */ = {isa = PBXFileReference; fileEncoding = 4; lastKnownFileType = sourcecode.c.objc; path = DLStarView.m; sourceTree = "<group>"; };
		50B879FA1A4A535500BCEBAD /* star.png */ = {isa = PBXFileReference; lastKnownFileType = image.png; path = star.png; sourceTree = "<group>"; };
		50B879FC1A4A535500BCEBAD /* star_highlighted-darker.png */ = {isa = PBXFileReference; lastKnownFileType = image.png; path = "star_highlighted-darker.png"; sourceTree = "<group>"; };
		50B879FD1A4A535500BCEBAD /* star_highlighted-darker@2x.png */ = {isa = PBXFileReference; lastKnownFileType = image.png; path = "star_highlighted-darker@2x.png"; sourceTree = "<group>"; };
		50B879FE1A4A535500BCEBAD /* star_highlighted.png */ = {isa = PBXFileReference; lastKnownFileType = image.png; path = star_highlighted.png; sourceTree = "<group>"; };
		50B87A001A4A535500BCEBAD /* UIView+Subviews.h */ = {isa = PBXFileReference; fileEncoding = 4; lastKnownFileType = sourcecode.c.h; path = "UIView+Subviews.h"; sourceTree = "<group>"; };
		50B87A011A4A535500BCEBAD /* UIView+Subviews.m */ = {isa = PBXFileReference; fileEncoding = 4; lastKnownFileType = sourcecode.c.objc; path = "UIView+Subviews.m"; sourceTree = "<group>"; };
		50B87A0B1A4B7E4D00BCEBAD /* ZSStarRatingView.xib */ = {isa = PBXFileReference; fileEncoding = 4; lastKnownFileType = file.xib; path = ZSStarRatingView.xib; sourceTree = "<group>"; };
		50B87A0D1A4B8ED300BCEBAD /* ZSTipsControl.h */ = {isa = PBXFileReference; fileEncoding = 4; lastKnownFileType = sourcecode.c.h; path = ZSTipsControl.h; sourceTree = "<group>"; };
		50B87A0E1A4B8ED300BCEBAD /* ZSTipsControl.m */ = {isa = PBXFileReference; fileEncoding = 4; lastKnownFileType = sourcecode.c.objc; path = ZSTipsControl.m; sourceTree = "<group>"; };
		50B87A101A4B8F1500BCEBAD /* ZSTipButton.h */ = {isa = PBXFileReference; fileEncoding = 4; lastKnownFileType = sourcecode.c.h; path = ZSTipButton.h; sourceTree = "<group>"; };
		50B87A111A4B8F1500BCEBAD /* ZSTipButton.m */ = {isa = PBXFileReference; fileEncoding = 4; lastKnownFileType = sourcecode.c.objc; path = ZSTipButton.m; sourceTree = "<group>"; };
		50B87A151A4BB0BD00BCEBAD /* star_highlighted@2x.png */ = {isa = PBXFileReference; lastKnownFileType = image.png; path = "star_highlighted@2x.png"; sourceTree = "<group>"; };
		50B87A161A4BB0BD00BCEBAD /* star@2x.png */ = {isa = PBXFileReference; lastKnownFileType = image.png; path = "star@2x.png"; sourceTree = "<group>"; };
/* End PBXFileReference section */

/* Begin PBXFrameworksBuildPhase section */
		50B8797B1A428B1B00BCEBAD /* Frameworks */ = {
			isa = PBXFrameworksBuildPhase;
			buildActionMask = 2147483647;
			files = (
			);
			runOnlyForDeploymentPostprocessing = 0;
		};
		50B879941A428B1B00BCEBAD /* Frameworks */ = {
			isa = PBXFrameworksBuildPhase;
			buildActionMask = 2147483647;
			files = (
			);
			runOnlyForDeploymentPostprocessing = 0;
		};
/* End PBXFrameworksBuildPhase section */

/* Begin PBXGroup section */
		50B879751A428B1A00BCEBAD = {
			isa = PBXGroup;
			children = (
				50B879801A428B1B00BCEBAD /* KLE-GreenCab */,
				50B8799A1A428B1B00BCEBAD /* KLE-GreenCabTests */,
				50B8797F1A428B1B00BCEBAD /* Products */,
			);
			sourceTree = "<group>";
		};
		50B8797F1A428B1B00BCEBAD /* Products */ = {
			isa = PBXGroup;
			children = (
				50B8797E1A428B1B00BCEBAD /* KLE-GreenCab.app */,
				50B879971A428B1B00BCEBAD /* KLE-GreenCabTests.xctest */,
			);
			name = Products;
			sourceTree = "<group>";
		};
		50B879801A428B1B00BCEBAD /* KLE-GreenCab */ = {
			isa = PBXGroup;
			children = (
				500DC3671A5A1DA6009B20E9 /* Utility.h */,
				50B879851A428B1B00BCEBAD /* AppDelegate.h */,
				50B879861A428B1B00BCEBAD /* AppDelegate.m */,
				50B879881A428B1B00BCEBAD /* ViewController.h */,
				50B879891A428B1B00BCEBAD /* ViewController.m */,
				50B8798B1A428B1B00BCEBAD /* Main.storyboard */,
				50B879AC1A42914300BCEBAD /* ZSMapAnnotation.h */,
				50B879AD1A42914300BCEBAD /* ZSMapAnnotation.m */,
				50B879A71A42907D00BCEBAD /* ZSRideViewController.h */,
				50B879A81A42907D00BCEBAD /* ZSRideViewController.m */,
				50B879A91A42907D00BCEBAD /* ZSRideViewController.xib */,
				500DC3621A57CD53009B20E9 /* ZSTripViewController.h */,
				500DC3631A57CD53009B20E9 /* ZSTripViewController.m */,
				5098BFE41A5A26A3003E4059 /* ZSTripView.h */,
				5098BFE51A5A26A3003E4059 /* ZSTripView.m */,
				5098BFE21A5A2464003E4059 /* ZSTripView.xib */,
				50B879B41A43CEFF00BCEBAD /* ZSBillOfRightsView.h */,
				50B879B51A43CEFF00BCEBAD /* ZSBillOfRightsView.m */,
				50B879B71A43E3B500BCEBAD /* ZSBillOfRightsView.xib */,
				50B879AF1A4294AE00BCEBAD /* ZSBillOfRightsViewController.h */,
				50B879B01A4294AE00BCEBAD /* ZSBillOfRightsViewController.m */,
				50B879CA1A479D7100BCEBAD /* ZSExploreButton.h */,
				50B879CB1A479D7100BCEBAD /* ZSExploreButton.m */,
				50B879D11A48F43100BCEBAD /* ZSPaymentViewController.h */,
				50B879D21A48F43100BCEBAD /* ZSPaymentViewController.m */,
				50B879D41A490DFE00BCEBAD /* ZSPaymentView.h */,
				50B879D51A490DFE00BCEBAD /* ZSPaymentView.m */,
				50B879D71A490E6800BCEBAD /* ZSPaymentView.xib */,
				50486B841A5516C500980951 /* ZSPayButton.h */,
				50486B851A5516C500980951 /* ZSPayButton.m */,
				50B879EC1A4A3C6300BCEBAD /* ZSStarRatingView.h */,
				50B879ED1A4A3C6300BCEBAD /* ZSStarRatingView.m */,
				50B87A0B1A4B7E4D00BCEBAD /* ZSStarRatingView.xib */,
				50B879F11A4A4C9D00BCEBAD /* ZSStarRatingControl.h */,
				50B879F21A4A4C9D00BCEBAD /* ZSStarRatingControl.m */,
				50B87A0D1A4B8ED300BCEBAD /* ZSTipsControl.h */,
				50B87A0E1A4B8ED300BCEBAD /* ZSTipsControl.m */,
				50B87A101A4B8F1500BCEBAD /* ZSTipButton.h */,
				50B87A111A4B8F1500BCEBAD /* ZSTipButton.m */,
				50B879F41A4A535400BCEBAD /* DLStarRating */,
				50B879D91A4920A100BCEBAD /* MCPanelViewController */,
				50B8798E1A428B1B00BCEBAD /* Images.xcassets */,
				50B879901A428B1B00BCEBAD /* LaunchScreen.xib */,
				50B879BC1A46D8E500BCEBAD /* taxi&limo.png */,
				50B879BD1A46D8E500BCEBAD /* logo_white-full.png */,
				50B879BE1A46D8E500BCEBAD /* logo_white.png */,
				50B879BF1A46D8E500BCEBAD /* noSmoking.png */,
				50B879C01A46D8E500BCEBAD /* seatbelt.png */,
				50B879C61A46D8F200BCEBAD /* license_1.png */,
				50B879C71A46D8F200BCEBAD /* license_2.png */,
				50B879CD1A47BB8E00BCEBAD /* Screen Shot 2014-12-21 at 9.37.43 PM.png */,
				50B879CE1A47BB8E00BCEBAD /* Screen Shot 2014-12-21 at 9.37.18 PM.png */,
				50B879811A428B1B00BCEBAD /* Supporting Files */,
			);
			path = "KLE-GreenCab";
			sourceTree = "<group>";
		};
		50B879811A428B1B00BCEBAD /* Supporting Files */ = {
			isa = PBXGroup;
			children = (
				50B879821A428B1B00BCEBAD /* Info.plist */,
				50B879831A428B1B00BCEBAD /* main.m */,
			);
			name = "Supporting Files";
			sourceTree = "<group>";
		};
		50B8799A1A428B1B00BCEBAD /* KLE-GreenCabTests */ = {
			isa = PBXGroup;
			children = (
				50B8799D1A428B1B00BCEBAD /* KLE_GreenCabTests.m */,
				50B8799B1A428B1B00BCEBAD /* Supporting Files */,
			);
			path = "KLE-GreenCabTests";
			sourceTree = "<group>";
		};
		50B8799B1A428B1B00BCEBAD /* Supporting Files */ = {
			isa = PBXGroup;
			children = (
				50B8799C1A428B1B00BCEBAD /* Info.plist */,
			);
			name = "Supporting Files";
			sourceTree = "<group>";
		};
		50B879D91A4920A100BCEBAD /* MCPanelViewController */ = {
			isa = PBXGroup;
			children = (
				50B879DA1A4920A200BCEBAD /* MCPanelViewController.h */,
				50B879DB1A4920A200BCEBAD /* MCPanelViewController.m */,
				50B879DC1A4920A200BCEBAD /* MCPanGestureRecognizer.h */,
				50B879DD1A4920A200BCEBAD /* MCPanGestureRecognizer.m */,
				50B879DE1A4920A200BCEBAD /* UIImage+ImageEffects.h */,
				50B879DF1A4920A200BCEBAD /* UIImage+ImageEffects.m */,
				50B879E01A4920A200BCEBAD /* UIView+MCAdditions.h */,
				50B879E11A4920A200BCEBAD /* UIView+MCAdditions.m */,
			);
			path = MCPanelViewController;
			sourceTree = "<group>";
		};
		50B879F41A4A535400BCEBAD /* DLStarRating */ = {
			isa = PBXGroup;
			children = (
				50B879F51A4A535500BCEBAD /* DLStarRatingControl.h */,
				50B879F61A4A535500BCEBAD /* DLStarRatingControl.m */,
				50B879F71A4A535500BCEBAD /* DLStarView.h */,
				50B879F81A4A535500BCEBAD /* DLStarView.m */,
				50B879F91A4A535500BCEBAD /* images */,
				50B87A001A4A535500BCEBAD /* UIView+Subviews.h */,
				50B87A011A4A535500BCEBAD /* UIView+Subviews.m */,
			);
			path = DLStarRating;
			sourceTree = "<group>";
		};
		50B879F91A4A535500BCEBAD /* images */ = {
			isa = PBXGroup;
			children = (
				50B87A151A4BB0BD00BCEBAD /* star_highlighted@2x.png */,
				50B87A161A4BB0BD00BCEBAD /* star@2x.png */,
				50B879FA1A4A535500BCEBAD /* star.png */,
				50B879FC1A4A535500BCEBAD /* star_highlighted-darker.png */,
				50B879FD1A4A535500BCEBAD /* star_highlighted-darker@2x.png */,
				50B879FE1A4A535500BCEBAD /* star_highlighted.png */,
			);
			path = images;
			sourceTree = "<group>";
		};
/* End PBXGroup section */

/* Begin PBXNativeTarget section */
		50B8797D1A428B1B00BCEBAD /* KLE-GreenCab */ = {
			isa = PBXNativeTarget;
			buildConfigurationList = 50B879A11A428B1B00BCEBAD /* Build configuration list for PBXNativeTarget "KLE-GreenCab" */;
			buildPhases = (
				50B8797A1A428B1B00BCEBAD /* Sources */,
				50B8797B1A428B1B00BCEBAD /* Frameworks */,
				50B8797C1A428B1B00BCEBAD /* Resources */,
			);
			buildRules = (
			);
			dependencies = (
			);
			name = "KLE-GreenCab";
			productName = "KLE-GreenCab";
			productReference = 50B8797E1A428B1B00BCEBAD /* KLE-GreenCab.app */;
			productType = "com.apple.product-type.application";
		};
		50B879961A428B1B00BCEBAD /* KLE-GreenCabTests */ = {
			isa = PBXNativeTarget;
			buildConfigurationList = 50B879A41A428B1B00BCEBAD /* Build configuration list for PBXNativeTarget "KLE-GreenCabTests" */;
			buildPhases = (
				50B879931A428B1B00BCEBAD /* Sources */,
				50B879941A428B1B00BCEBAD /* Frameworks */,
				50B879951A428B1B00BCEBAD /* Resources */,
			);
			buildRules = (
			);
			dependencies = (
				50B879991A428B1B00BCEBAD /* PBXTargetDependency */,
			);
			name = "KLE-GreenCabTests";
			productName = "KLE-GreenCabTests";
			productReference = 50B879971A428B1B00BCEBAD /* KLE-GreenCabTests.xctest */;
			productType = "com.apple.product-type.bundle.unit-test";
		};
/* End PBXNativeTarget section */

/* Begin PBXProject section */
		50B879761A428B1A00BCEBAD /* Project object */ = {
			isa = PBXProject;
			attributes = {
				LastUpgradeCheck = 0610;
				ORGANIZATIONNAME = Kelvin;
				TargetAttributes = {
					50B8797D1A428B1B00BCEBAD = {
						CreatedOnToolsVersion = 6.1;
					};
					50B879961A428B1B00BCEBAD = {
						CreatedOnToolsVersion = 6.1;
						TestTargetID = 50B8797D1A428B1B00BCEBAD;
					};
				};
			};
			buildConfigurationList = 50B879791A428B1A00BCEBAD /* Build configuration list for PBXProject "KLE-GreenCab" */;
			compatibilityVersion = "Xcode 3.2";
			developmentRegion = English;
			hasScannedForEncodings = 0;
			knownRegions = (
				en,
				Base,
			);
			mainGroup = 50B879751A428B1A00BCEBAD;
			productRefGroup = 50B8797F1A428B1B00BCEBAD /* Products */;
			projectDirPath = "";
			projectRoot = "";
			targets = (
				50B8797D1A428B1B00BCEBAD /* KLE-GreenCab */,
				50B879961A428B1B00BCEBAD /* KLE-GreenCabTests */,
			);
		};
/* End PBXProject section */

/* Begin PBXResourcesBuildPhase section */
		50B8797C1A428B1B00BCEBAD /* Resources */ = {
			isa = PBXResourcesBuildPhase;
			buildActionMask = 2147483647;
			files = (
				50B879C91A46D8F200BCEBAD /* license_2.png in Resources */,
				50B879CF1A47BB8E00BCEBAD /* Screen Shot 2014-12-21 at 9.37.43 PM.png in Resources */,
				50B87A171A4BB0BD00BCEBAD /* star_highlighted@2x.png in Resources */,
				50B8798D1A428B1B00BCEBAD /* Main.storyboard in Resources */,
				50B879AB1A42907D00BCEBAD /* ZSRideViewController.xib in Resources */,
				50B879C31A46D8E500BCEBAD /* logo_white.png in Resources */,
				5098BFE31A5A2464003E4059 /* ZSTripView.xib in Resources */,
				50B87A041A4A535500BCEBAD /* star.png in Resources */,
				50B87A0C1A4B7E4D00BCEBAD /* ZSStarRatingView.xib in Resources */,
				50B87A061A4A535500BCEBAD /* star_highlighted-darker.png in Resources */,
				50B87A071A4A535500BCEBAD /* star_highlighted-darker@2x.png in Resources */,
				50B879C41A46D8E500BCEBAD /* noSmoking.png in Resources */,
				50B879B81A43E3B500BCEBAD /* ZSBillOfRightsView.xib in Resources */,
				50B879C51A46D8E500BCEBAD /* seatbelt.png in Resources */,
				50B879D01A47BB8E00BCEBAD /* Screen Shot 2014-12-21 at 9.37.18 PM.png in Resources */,
				50B879C11A46D8E500BCEBAD /* taxi&limo.png in Resources */,
				50B879921A428B1B00BCEBAD /* LaunchScreen.xib in Resources */,
				50B879C21A46D8E500BCEBAD /* logo_white-full.png in Resources */,
				50B879D81A490E6800BCEBAD /* ZSPaymentView.xib in Resources */,
				50B87A081A4A535500BCEBAD /* star_highlighted.png in Resources */,
				50B879C81A46D8F200BCEBAD /* license_1.png in Resources */,
				50B87A181A4BB0BD00BCEBAD /* star@2x.png in Resources */,
				50B8798F1A428B1B00BCEBAD /* Images.xcassets in Resources */,
			);
			runOnlyForDeploymentPostprocessing = 0;
		};
		50B879951A428B1B00BCEBAD /* Resources */ = {
			isa = PBXResourcesBuildPhase;
			buildActionMask = 2147483647;
			files = (
			);
			runOnlyForDeploymentPostprocessing = 0;
		};
/* End PBXResourcesBuildPhase section */

/* Begin PBXSourcesBuildPhase section */
		50B8797A1A428B1B00BCEBAD /* Sources */ = {
			isa = PBXSourcesBuildPhase;
			buildActionMask = 2147483647;
			files = (
				50B8798A1A428B1B00BCEBAD /* ViewController.m in Sources */,
				50B879E31A4920A200BCEBAD /* MCPanGestureRecognizer.m in Sources */,
				50B879E41A4920A200BCEBAD /* UIImage+ImageEffects.m in Sources */,
				50486B861A5516C500980951 /* ZSPayButton.m in Sources */,
				50B879CC1A479D7100BCEBAD /* ZSExploreButton.m in Sources */,
				50B879EE1A4A3C6300BCEBAD /* ZSStarRatingView.m in Sources */,
				5098BFE61A5A26A3003E4059 /* ZSTripView.m in Sources */,
				50B879AA1A42907D00BCEBAD /* ZSRideViewController.m in Sources */,
				50B87A121A4B8F1500BCEBAD /* ZSTipButton.m in Sources */,
				50B879E51A4920A200BCEBAD /* UIView+MCAdditions.m in Sources */,
				50B87A0A1A4A535500BCEBAD /* UIView+Subviews.m in Sources */,
				50B879D31A48F43100BCEBAD /* ZSPaymentViewController.m in Sources */,
				50B879E21A4920A200BCEBAD /* MCPanelViewController.m in Sources */,
				50B879F31A4A4C9D00BCEBAD /* ZSStarRatingControl.m in Sources */,
				50B879B21A4294AE00BCEBAD /* ZSBillOfRightsViewController.m in Sources */,
				50B879AE1A42914300BCEBAD /* ZSMapAnnotation.m in Sources */,
				50B879871A428B1B00BCEBAD /* AppDelegate.m in Sources */,
				50B879841A428B1B00BCEBAD /* main.m in Sources */,
				50B879B61A43CEFF00BCEBAD /* ZSBillOfRightsView.m in Sources */,
				500DC3651A57CD53009B20E9 /* ZSTripViewController.m in Sources */,
				50B87A0F1A4B8ED300BCEBAD /* ZSTipsControl.m in Sources */,
				50B87A021A4A535500BCEBAD /* DLStarRatingControl.m in Sources */,
				50B87A031A4A535500BCEBAD /* DLStarView.m in Sources */,
				50B879D61A490DFE00BCEBAD /* ZSPaymentView.m in Sources */,
			);
			runOnlyForDeploymentPostprocessing = 0;
		};
		50B879931A428B1B00BCEBAD /* Sources */ = {
			isa = PBXSourcesBuildPhase;
			buildActionMask = 2147483647;
			files = (
				50B8799E1A428B1B00BCEBAD /* KLE_GreenCabTests.m in Sources */,
			);
			runOnlyForDeploymentPostprocessing = 0;
		};
/* End PBXSourcesBuildPhase section */

/* Begin PBXTargetDependency section */
		50B879991A428B1B00BCEBAD /* PBXTargetDependency */ = {
			isa = PBXTargetDependency;
			target = 50B8797D1A428B1B00BCEBAD /* KLE-GreenCab */;
			targetProxy = 50B879981A428B1B00BCEBAD /* PBXContainerItemProxy */;
		};
/* End PBXTargetDependency section */

/* Begin PBXVariantGroup section */
		50B8798B1A428B1B00BCEBAD /* Main.storyboard */ = {
			isa = PBXVariantGroup;
			children = (
				50B8798C1A428B1B00BCEBAD /* Base */,
			);
			name = Main.storyboard;
			sourceTree = "<group>";
		};
		50B879901A428B1B00BCEBAD /* LaunchScreen.xib */ = {
			isa = PBXVariantGroup;
			children = (
				50B879911A428B1B00BCEBAD /* Base */,
			);
			name = LaunchScreen.xib;
			sourceTree = "<group>";
		};
/* End PBXVariantGroup section */

/* Begin XCBuildConfiguration section */
		50B8799F1A428B1B00BCEBAD /* Debug */ = {
			isa = XCBuildConfiguration;
			buildSettings = {
				ALWAYS_SEARCH_USER_PATHS = NO;
				CLANG_CXX_LANGUAGE_STANDARD = "gnu++0x";
				CLANG_CXX_LIBRARY = "libc++";
				CLANG_ENABLE_MODULES = YES;
				CLANG_ENABLE_OBJC_ARC = YES;
				CLANG_WARN_BOOL_CONVERSION = YES;
				CLANG_WARN_CONSTANT_CONVERSION = YES;
				CLANG_WARN_DIRECT_OBJC_ISA_USAGE = YES_ERROR;
				CLANG_WARN_EMPTY_BODY = YES;
				CLANG_WARN_ENUM_CONVERSION = YES;
				CLANG_WARN_INT_CONVERSION = YES;
				CLANG_WARN_OBJC_ROOT_CLASS = YES_ERROR;
				CLANG_WARN_UNREACHABLE_CODE = YES;
				CLANG_WARN__DUPLICATE_METHOD_MATCH = YES;
				"CODE_SIGN_IDENTITY[sdk=iphoneos*]" = "iPhone Developer";
				COPY_PHASE_STRIP = NO;
				ENABLE_STRICT_OBJC_MSGSEND = YES;
				GCC_C_LANGUAGE_STANDARD = gnu99;
				GCC_DYNAMIC_NO_PIC = NO;
				GCC_OPTIMIZATION_LEVEL = 0;
				GCC_PREPROCESSOR_DEFINITIONS = (
					"DEBUG=1",
					"$(inherited)",
				);
				GCC_SYMBOLS_PRIVATE_EXTERN = NO;
				GCC_WARN_64_TO_32_BIT_CONVERSION = YES;
				GCC_WARN_ABOUT_RETURN_TYPE = YES_ERROR;
				GCC_WARN_UNDECLARED_SELECTOR = YES;
				GCC_WARN_UNINITIALIZED_AUTOS = YES_AGGRESSIVE;
				GCC_WARN_UNUSED_FUNCTION = YES;
				GCC_WARN_UNUSED_VARIABLE = YES;
				IPHONEOS_DEPLOYMENT_TARGET = 8.1;
				MTL_ENABLE_DEBUG_INFO = YES;
				ONLY_ACTIVE_ARCH = YES;
				SDKROOT = iphoneos;
				TARGETED_DEVICE_FAMILY = 2;
			};
			name = Debug;
		};
		50B879A01A428B1B00BCEBAD /* Release */ = {
			isa = XCBuildConfiguration;
			buildSettings = {
				ALWAYS_SEARCH_USER_PATHS = NO;
				CLANG_CXX_LANGUAGE_STANDARD = "gnu++0x";
				CLANG_CXX_LIBRARY = "libc++";
				CLANG_ENABLE_MODULES = YES;
				CLANG_ENABLE_OBJC_ARC = YES;
				CLANG_WARN_BOOL_CONVERSION = YES;
				CLANG_WARN_CONSTANT_CONVERSION = YES;
				CLANG_WARN_DIRECT_OBJC_ISA_USAGE = YES_ERROR;
				CLANG_WARN_EMPTY_BODY = YES;
				CLANG_WARN_ENUM_CONVERSION = YES;
				CLANG_WARN_INT_CONVERSION = YES;
				CLANG_WARN_OBJC_ROOT_CLASS = YES_ERROR;
				CLANG_WARN_UNREACHABLE_CODE = YES;
				CLANG_WARN__DUPLICATE_METHOD_MATCH = YES;
				"CODE_SIGN_IDENTITY[sdk=iphoneos*]" = "iPhone Developer";
				COPY_PHASE_STRIP = YES;
				ENABLE_NS_ASSERTIONS = NO;
				ENABLE_STRICT_OBJC_MSGSEND = YES;
				GCC_C_LANGUAGE_STANDARD = gnu99;
				GCC_WARN_64_TO_32_BIT_CONVERSION = YES;
				GCC_WARN_ABOUT_RETURN_TYPE = YES_ERROR;
				GCC_WARN_UNDECLARED_SELECTOR = YES;
				GCC_WARN_UNINITIALIZED_AUTOS = YES_AGGRESSIVE;
				GCC_WARN_UNUSED_FUNCTION = YES;
				GCC_WARN_UNUSED_VARIABLE = YES;
				IPHONEOS_DEPLOYMENT_TARGET = 8.1;
				MTL_ENABLE_DEBUG_INFO = NO;
				SDKROOT = iphoneos;
				TARGETED_DEVICE_FAMILY = 2;
				VALIDATE_PRODUCT = YES;
			};
			name = Release;
		};
		50B879A21A428B1B00BCEBAD /* Debug */ = {
			isa = XCBuildConfiguration;
			buildSettings = {
				ASSETCATALOG_COMPILER_APPICON_NAME = AppIcon;
				INFOPLIST_FILE = "KLE-GreenCab/Info.plist";
				LD_RUNPATH_SEARCH_PATHS = "$(inherited) @executable_path/Frameworks";
				PRODUCT_NAME = "$(TARGET_NAME)";
			};
			name = Debug;
		};
		50B879A31A428B1B00BCEBAD /* Release */ = {
			isa = XCBuildConfiguration;
			buildSettings = {
				ASSETCATALOG_COMPILER_APPICON_NAME = AppIcon;
				INFOPLIST_FILE = "KLE-GreenCab/Info.plist";
				LD_RUNPATH_SEARCH_PATHS = "$(inherited) @executable_path/Frameworks";
				PRODUCT_NAME = "$(TARGET_NAME)";
			};
			name = Release;
		};
		50B879A51A428B1B00BCEBAD /* Debug */ = {
			isa = XCBuildConfiguration;
			buildSettings = {
				BUNDLE_LOADER = "$(TEST_HOST)";
				FRAMEWORK_SEARCH_PATHS = (
					"$(SDKROOT)/Developer/Library/Frameworks",
					"$(inherited)",
				);
				GCC_PREPROCESSOR_DEFINITIONS = (
					"DEBUG=1",
					"$(inherited)",
				);
				INFOPLIST_FILE = "KLE-GreenCabTests/Info.plist";
				LD_RUNPATH_SEARCH_PATHS = "$(inherited) @executable_path/Frameworks @loader_path/Frameworks";
				PRODUCT_NAME = "$(TARGET_NAME)";
				TEST_HOST = "$(BUILT_PRODUCTS_DIR)/KLE-GreenCab.app/KLE-GreenCab";
			};
			name = Debug;
		};
		50B879A61A428B1B00BCEBAD /* Release */ = {
			isa = XCBuildConfiguration;
			buildSettings = {
				BUNDLE_LOADER = "$(TEST_HOST)";
				FRAMEWORK_SEARCH_PATHS = (
					"$(SDKROOT)/Developer/Library/Frameworks",
					"$(inherited)",
				);
				INFOPLIST_FILE = "KLE-GreenCabTests/Info.plist";
				LD_RUNPATH_SEARCH_PATHS = "$(inherited) @executable_path/Frameworks @loader_path/Frameworks";
				PRODUCT_NAME = "$(TARGET_NAME)";
				TEST_HOST = "$(BUILT_PRODUCTS_DIR)/KLE-GreenCab.app/KLE-GreenCab";
			};
			name = Release;
		};
/* End XCBuildConfiguration section */

/* Begin XCConfigurationList section */
		50B879791A428B1A00BCEBAD /* Build configuration list for PBXProject "KLE-GreenCab" */ = {
			isa = XCConfigurationList;
			buildConfigurations = (
				50B8799F1A428B1B00BCEBAD /* Debug */,
				50B879A01A428B1B00BCEBAD /* Release */,
			);
			defaultConfigurationIsVisible = 0;
			defaultConfigurationName = Release;
		};
		50B879A11A428B1B00BCEBAD /* Build configuration list for PBXNativeTarget "KLE-GreenCab" */ = {
			isa = XCConfigurationList;
			buildConfigurations = (
				50B879A21A428B1B00BCEBAD /* Debug */,
				50B879A31A428B1B00BCEBAD /* Release */,
			);
			defaultConfigurationIsVisible = 0;
			defaultConfigurationName = Release;
		};
		50B879A41A428B1B00BCEBAD /* Build configuration list for PBXNativeTarget "KLE-GreenCabTests" */ = {
			isa = XCConfigurationList;
			buildConfigurations = (
				50B879A51A428B1B00BCEBAD /* Debug */,
				50B879A61A428B1B00BCEBAD /* Release */,
			);
			defaultConfigurationIsVisible = 0;
			defaultConfigurationName = Release;
		};
/* End XCConfigurationList section */
	};
	rootObject = 50B879761A428B1A00BCEBAD /* Project object */;
}
